
Microsoft Visual Studio Solution File, Format Version 12.00
# Visual Studio Version 17
VisualStudioVersion = 17.0.31903.59
MinimumVisualStudioVersion = 10.0.40219.1
Project("{FAE04EC0-301F-11D3-BF4B-00C04F79EFBC}") = "TestDemo", "TestDemo\TestDemo.csproj", "{2AE48AF2-3B13-4BC7-A3C5-E29A74CD3CFE}"
EndProject
Global
	GlobalSection(SolutionConfigurationPlatforms) = preSolution
		Debug|Any CPU = Debug|Any CPU
		Release|Any CPU = Release|Any CPU
	EndGlobalSection
	GlobalSection(ProjectConfigurationPlatforms) = postSolution
		{2AE48AF2-3B13-4BC7-A3C5-E29A74CD3CFE}.Debug|Any CPU.ActiveCfg = Debug|Any CPU
		{2AE48AF2-3B13-4BC7-A3C5-E29A74CD3CFE}.Debug|Any CPU.Build.0 = Debug|Any CPU
		{2AE48AF2-3B13-4BC7-A3C5-E29A74CD3CFE}.Release|Any CPU.ActiveCfg = Release|Any CPU
		{2AE48AF2-3B13-4BC7-A3C5-E29A74CD3CFE}.Release|Any CPU.Build.0 = Release|Any CPU
	EndGlobalSection
	GlobalSection(SolutionProperties) = preSolution
		HideSolutionNode = FALSE
	EndGlobalSection
	GlobalSection(ExtensibilityGlobals) = postSolution
		SolutionGuid = {C6EB52CA-8001-46B3-88BF-95B80CA51829}
	EndGlobalSection
EndGlobal
